<?xml version="1.0" encoding="utf-8"?>
<Project ToolsVersion="4.0" xmlns="http://schemas.microsoft.com/developer/msbuild/2003">
  <ItemGroup>
    <ClCompile Include="Viewer.cpp" />
    <ClCompile Include="ColorMenu.cpp" />
    <ClCompile Include="CubeMapShaderView.cpp" />
    <ClCompile Include="CubeMapShader.cpp" />
    <ClCompile Include="RenderingMenu.cpp" />
  </ItemGroup>
  <ItemGroup>
    <ClInclude Include="ColorMenu.h" />
    <ClInclude Include="RenderingMenu.h" />
    <ClInclude Include="CubeMapShaderView.h" />
    <ClInclude Include="CubeMapShader.h" />
  </ItemGroup>
</Project>