<?xml version="1.0" encoding="utf-8"?>
<Project ToolsVersion="4.0" xmlns="http://schemas.microsoft.com/developer/msbuild/2003">
  <ItemGroup>
    <ClInclude Include="DFPBLightRenderer.h">
      <Filter>Deffered</Filter>
    </ClInclude>
    <ClInclude Include="Camera.h" />
    <ClInclude Include="CubeMapRenderer.h">
      <Filter>CubeMap</Filter>
    </ClInclude>
    <ClInclude Include="DFGeometryRenderer.h">
      <Filter>Deffered\DFGeometry</Filter>
    </ClInclude>
    <ClInclude Include="PBLightRenderer.h">
      <Filter>PBLight</Filter>
    </ClInclude>
    <ClInclude Include="SkyBoxRenderer.h">
      <Filter>SkyBox</Filter>
    </ClInclude>
    <ClInclude Include="IrradianceRenderer.h">
      <Filter>Irradiance</Filter>
    </ClInclude>
    <ClInclude Include="DFLightRenderer.h">
      <Filter>Deffered\DFLight</Filter>
    </ClInclude>
    <ClInclude Include="IRenderer.h" />
    <ClInclude Include="DFAlbedoRenderer.h">
      <Filter>Deffered\DFAlbedo</Filter>
    </ClInclude>
  </ItemGroup>
  <ItemGroup>
    <ClCompile Include="DFPBLightRenderer.cpp">
      <Filter>Deffered</Filter>
    </ClCompile>
    <ClCompile Include="Camera.cpp" />
    <ClCompile Include="CubeMapRenderer.cpp">
      <Filter>CubeMap</Filter>
    </ClCompile>
    <ClCompile Include="DFGeometryRenderer.cpp">
      <Filter>Deffered\DFGeometry</Filter>
    </ClCompile>
    <ClCompile Include="PBLightRenderer.cpp">
      <Filter>PBLight</Filter>
    </ClCompile>
    <ClCompile Include="SkyBoxRenderer.cpp">
      <Filter>SkyBox</Filter>
    </ClCompile>
    <ClCompile Include="IrradianceRenderer.cpp">
      <Filter>Irradiance</Filter>
    </ClCompile>
    <ClCompile Include="DFLightRenderer.cpp">
      <Filter>Deffered\DFLight</Filter>
    </ClCompile>
    <ClCompile Include="IScreenRenderer.h" />
    <ClCompile Include="DFAlbedoRenderer.cpp">
      <Filter>Deffered\DFAlbedo</Filter>
    </ClCompile>
  </ItemGroup>
  <ItemGroup>
    <Filter Include="Deffered">
      <UniqueIdentifier>{ac2cccec-3e2d-49d1-834e-2f9c70ee37c8}</UniqueIdentifier>
    </Filter>
    <Filter Include="CubeMap">
      <UniqueIdentifier>{d822e823-cfc5-445c-be46-e0111d3170f2}</UniqueIdentifier>
    </Filter>
    <Filter Include="Deffered\DFGeometry">
      <UniqueIdentifier>{8e8e6e00-052a-4da1-92dd-4c501e546e8b}</UniqueIdentifier>
    </Filter>
    <Filter Include="PBLight">
      <UniqueIdentifier>{18e9ff9c-1f37-46c6-bc74-8a30e2bb7122}</UniqueIdentifier>
    </Filter>
    <Filter Include="SkyBox">
      <UniqueIdentifier>{d517fc8e-b3ed-4f97-aa0d-2bcb88a29fb4}</UniqueIdentifier>
    </Filter>
    <Filter Include="Irradiance">
      <UniqueIdentifier>{dbc9d97e-6097-4889-99ae-1da27f49dd93}</UniqueIdentifier>
    </Filter>
    <Filter Include="Deffered\DFLight">
      <UniqueIdentifier>{68040117-1daa-4abf-89ae-79bcef1c46d5}</UniqueIdentifier>
    </Filter>
    <Filter Include="Deffered\DFAlbedo">
      <UniqueIdentifier>{774a8e0c-28ad-4bdf-a03b-e209de3288c7}</UniqueIdentifier>
    </Filter>
  </ItemGroup>
  <ItemGroup>
    <None Include="..\GLSL\DFGeometry.fs">
      <Filter>Deffered\DFGeometry</Filter>
    </None>
    <None Include="..\GLSL\DFGeometry.vs">
      <Filter>Deffered\DFGeometry</Filter>
    </None>
    <None Include="..\GLSL\DFLight.fs">
      <Filter>Deffered\DFLight</Filter>
    </None>
    <None Include="..\GLSL\DFLight.vs">
      <Filter>Deffered\DFLight</Filter>
    </None>
    <None Include="..\GLSL\Irradiance.fs">
      <Filter>Irradiance</Filter>
    </None>
    <None Include="..\GLSL\Irradiance.vs">
      <Filter>Irradiance</Filter>
    </None>
    <None Include="..\GLSL\PBLight.fs">
      <Filter>PBLight</Filter>
    </None>
    <None Include="..\GLSL\PBLight.vs">
      <Filter>PBLight</Filter>
    </None>
    <None Include="..\GLSL\SkyBox.fs">
      <Filter>SkyBox</Filter>
    </None>
    <None Include="..\GLSL\SkyBox.vs">
      <Filter>SkyBox</Filter>
    </None>
    <None Include="..\GLSL\CubeMap.fs">
      <Filter>CubeMap</Filter>
    </None>
    <None Include="..\GLSL\CubeMap.vs">
      <Filter>CubeMap</Filter>
    </None>
    <None Include="..\GLSL\DFAlbedo.vs">
      <Filter>Deffered\DFAlbedo</Filter>
    </None>
    <None Include="..\GLSL\DFAlbedo.fs">
      <Filter>Deffered\DFAlbedo</Filter>
    </None>
  </ItemGroup>
</Project>