<?xml version="1.0" encoding="utf-8"?>
<Project ToolsVersion="4.0" xmlns="http://schemas.microsoft.com/developer/msbuild/2003">
  <ItemGroup>
    <ClInclude Include="SkyBoxRenderer.h" />
    <ClInclude Include="DFGeometryRenderer.h">
      <Filter>Deffered</Filter>
    </ClInclude>
    <ClInclude Include="DFLightRenderer.h">
      <Filter>Deffered</Filter>
    </ClInclude>
    <ClInclude Include="DFPBLightRenderer.h">
      <Filter>Deffered</Filter>
    </ClInclude>
    <ClInclude Include="PBLightRenderer.h" />
    <ClInclude Include="Camera.h" />
    <ClInclude Include="IrradianceRenderer.h" />
    <ClInclude Include="CubeMapRenderer.h" />
  </ItemGroup>
  <ItemGroup>
    <ClCompile Include="SkyBoxRenderer.cpp" />
    <ClCompile Include="DFGeometryRenderer.cpp">
      <Filter>Deffered</Filter>
    </ClCompile>
    <ClCompile Include="DFLightRenderer.cpp">
      <Filter>Deffered</Filter>
    </ClCompile>
    <ClCompile Include="DFPBLightRenderer.cpp">
      <Filter>Deffered</Filter>
    </ClCompile>
    <ClCompile Include="PBLightRenderer.cpp" />
    <ClCompile Include="Camera.cpp" />
    <ClCompile Include="IrradianceRenderer.cpp" />
    <ClCompile Include="CubeMapRenderer.cpp" />
  </ItemGroup>
  <ItemGroup>
    <Filter Include="Deffered">
      <UniqueIdentifier>{ac2cccec-3e2d-49d1-834e-2f9c70ee37c8}</UniqueIdentifier>
    </Filter>
    <Filter Include="GLSL">
      <UniqueIdentifier>{1fe38510-afa6-4c43-9905-3df54c497163}</UniqueIdentifier>
    </Filter>
  </ItemGroup>
  <ItemGroup>
    <None Include="..\..\GLSL\DFGeometry.vs">
      <Filter>GLSL</Filter>
    </None>
    <None Include="..\..\GLSL\DFGeometry.fs">
      <Filter>GLSL</Filter>
    </None>
  </ItemGroup>
</Project>