<?xml version="1.0" encoding="utf-8"?>
<Project ToolsVersion="4.0" xmlns="http://schemas.microsoft.com/developer/msbuild/2003">
  <ItemGroup>
    <ClCompile Include="CrystalPBRView.cpp" />
  </ItemGroup>
  <ItemGroup>
    <Filter Include="imgui">
      <UniqueIdentifier>{666902b4-511c-4a9b-914f-7e93330f14aa}</UniqueIdentifier>
    </Filter>
  </ItemGroup>
</Project>